
Microsoft Visual Studio Solution File, Format Version 12.00
# Visual Studio 15
VisualStudioVersion = 15.0.28307.438
MinimumVisualStudioVersion = 10.0.40219.1
Project("{2150E333-8FDC-42A3-9474-1A3956D46DE8}") = "QuartzService", "QuartzService", "{20D6EF8A-A8B7-47DA-981C-3BFAFE5CC08D}"
EndProject
Project("{FAE04EC0-301F-11D3-BF4B-00C04F79EFBC}") = "QuartzService2.0", "QuartzService2.0\QuartzService2.0.csproj", "{E8F4B073-4E81-4E2A-94FE-CE1C5E91DAB3}"
EndProject
Project("{FAE04EC0-301F-11D3-BF4B-00C04F79EFBC}") = "QuartzService3.0", "QuartzService3.0\QuartzService3.0.csproj", "{DF19193B-AD22-4E5D-93EC-F3B429F4407D}"
EndProject
Project("{2150E333-8FDC-42A3-9474-1A3956D46DE8}") = "QuartzAPI", "QuartzAPI", "{8AC7A8E1-D520-4468-AC6E-20C3463FB8E7}"
EndProject
Project("{FAE04EC0-301F-11D3-BF4B-00C04F79EFBC}") = "QuartzAPI2", "QuartzAPI2\QuartzAPI2.csproj", "{54616FE5-7F87-4D81-ADF6-A060F075C64E}"
EndProject
Project("{FAE04EC0-301F-11D3-BF4B-00C04F79EFBC}") = "QuartzAPI3", "QuartzAPI3\QuartzAPI3.csproj", "{B98E9D0A-35EF-4A22-A7A6-E2E0B0832BF1}"
EndProject
Project("{2150E333-8FDC-42A3-9474-1A3956D46DE8}") = "QuartzManage", "QuartzManage", "{DE5137CD-A346-46DF-A0E4-1D25DF41A50E}"
EndProject
Project("{FAE04EC0-301F-11D3-BF4B-00C04F79EFBC}") = "HZQ.JobA", "JobA\HZQ.JobA.csproj", "{5E76909F-81E3-4A8E-AB0A-F31A87AAEFAE}"
EndProject
Project("{FAE04EC0-301F-11D3-BF4B-00C04F79EFBC}") = "HZQ.JobB", "JobB\HZQ.JobB.csproj", "{F81D4B27-238E-42A2-ACAD-DD5D3AE405C0}"
EndProject
Project("{FAE04EC0-301F-11D3-BF4B-00C04F79EFBC}") = "HZQ.BaseJob", "HZQ.BaseJob\HZQ.BaseJob.csproj", "{F9B819EA-ED96-416E-A5F1-20648B5C65C7}"
EndProject
Project("{FAE04EC0-301F-11D3-BF4B-00C04F79EFBC}") = "HZQ.Job.Service", "HZQ.Job.Service\HZQ.Job.Service.csproj", "{6A8932FA-4443-4233-92CE-DBB03D249423}"
EndProject
Project("{FAE04EC0-301F-11D3-BF4B-00C04F79EFBC}") = "HZQ.Job.Model", "HZQ.Job.Model\HZQ.Job.Model.csproj", "{C5CE62AF-FE4F-4712-838E-687B182D5079}"
EndProject
Project("{FAE04EC0-301F-11D3-BF4B-00C04F79EFBC}") = "HZQ.Job.Service.Logic", "HZQ.Job.Service.Logic\HZQ.Job.Service.Logic.csproj", "{EA05B9FC-A1FD-43F1-8F6D-801333A1240F}"
EndProject
Global
	GlobalSection(SolutionConfigurationPlatforms) = preSolution
		Debug|Any CPU = Debug|Any CPU
		Release|Any CPU = Release|Any CPU
	EndGlobalSection
	GlobalSection(ProjectConfigurationPlatforms) = postSolution
		{E8F4B073-4E81-4E2A-94FE-CE1C5E91DAB3}.Debug|Any CPU.ActiveCfg = Debug|Any CPU
		{E8F4B073-4E81-4E2A-94FE-CE1C5E91DAB3}.Debug|Any CPU.Build.0 = Debug|Any CPU
		{E8F4B073-4E81-4E2A-94FE-CE1C5E91DAB3}.Release|Any CPU.ActiveCfg = Release|Any CPU
		{E8F4B073-4E81-4E2A-94FE-CE1C5E91DAB3}.Release|Any CPU.Build.0 = Release|Any CPU
		{DF19193B-AD22-4E5D-93EC-F3B429F4407D}.Debug|Any CPU.ActiveCfg = Debug|Any CPU
		{DF19193B-AD22-4E5D-93EC-F3B429F4407D}.Debug|Any CPU.Build.0 = Debug|Any CPU
		{DF19193B-AD22-4E5D-93EC-F3B429F4407D}.Release|Any CPU.ActiveCfg = Release|Any CPU
		{DF19193B-AD22-4E5D-93EC-F3B429F4407D}.Release|Any CPU.Build.0 = Release|Any CPU
		{54616FE5-7F87-4D81-ADF6-A060F075C64E}.Debug|Any CPU.ActiveCfg = Debug|Any CPU
		{54616FE5-7F87-4D81-ADF6-A060F075C64E}.Debug|Any CPU.Build.0 = Debug|Any CPU
		{54616FE5-7F87-4D81-ADF6-A060F075C64E}.Release|Any CPU.ActiveCfg = Release|Any CPU
		{54616FE5-7F87-4D81-ADF6-A060F075C64E}.Release|Any CPU.Build.0 = Release|Any CPU
		{B98E9D0A-35EF-4A22-A7A6-E2E0B0832BF1}.Debug|Any CPU.ActiveCfg = Debug|Any CPU
		{B98E9D0A-35EF-4A22-A7A6-E2E0B0832BF1}.Debug|Any CPU.Build.0 = Debug|Any CPU
		{B98E9D0A-35EF-4A22-A7A6-E2E0B0832BF1}.Release|Any CPU.ActiveCfg = Release|Any CPU
		{B98E9D0A-35EF-4A22-A7A6-E2E0B0832BF1}.Release|Any CPU.Build.0 = Release|Any CPU
		{5E76909F-81E3-4A8E-AB0A-F31A87AAEFAE}.Debug|Any CPU.ActiveCfg = Debug|Any CPU
		{5E76909F-81E3-4A8E-AB0A-F31A87AAEFAE}.Debug|Any CPU.Build.0 = Debug|Any CPU
		{5E76909F-81E3-4A8E-AB0A-F31A87AAEFAE}.Release|Any CPU.ActiveCfg = Release|Any CPU
		{5E76909F-81E3-4A8E-AB0A-F31A87AAEFAE}.Release|Any CPU.Build.0 = Release|Any CPU
		{F81D4B27-238E-42A2-ACAD-DD5D3AE405C0}.Debug|Any CPU.ActiveCfg = Debug|Any CPU
		{F81D4B27-238E-42A2-ACAD-DD5D3AE405C0}.Debug|Any CPU.Build.0 = Debug|Any CPU
		{F81D4B27-238E-42A2-ACAD-DD5D3AE405C0}.Release|Any CPU.ActiveCfg = Release|Any CPU
		{F81D4B27-238E-42A2-ACAD-DD5D3AE405C0}.Release|Any CPU.Build.0 = Release|Any CPU
		{F9B819EA-ED96-416E-A5F1-20648B5C65C7}.Debug|Any CPU.ActiveCfg = Debug|Any CPU
		{F9B819EA-ED96-416E-A5F1-20648B5C65C7}.Debug|Any CPU.Build.0 = Debug|Any CPU
		{F9B819EA-ED96-416E-A5F1-20648B5C65C7}.Release|Any CPU.ActiveCfg = Release|Any CPU
		{F9B819EA-ED96-416E-A5F1-20648B5C65C7}.Release|Any CPU.Build.0 = Release|Any CPU
		{6A8932FA-4443-4233-92CE-DBB03D249423}.Debug|Any CPU.ActiveCfg = Debug|Any CPU
		{6A8932FA-4443-4233-92CE-DBB03D249423}.Debug|Any CPU.Build.0 = Debug|Any CPU
		{6A8932FA-4443-4233-92CE-DBB03D249423}.Release|Any CPU.ActiveCfg = Release|Any CPU
		{6A8932FA-4443-4233-92CE-DBB03D249423}.Release|Any CPU.Build.0 = Release|Any CPU
		{C5CE62AF-FE4F-4712-838E-687B182D5079}.Debug|Any CPU.ActiveCfg = Debug|Any CPU
		{C5CE62AF-FE4F-4712-838E-687B182D5079}.Debug|Any CPU.Build.0 = Debug|Any CPU
		{C5CE62AF-FE4F-4712-838E-687B182D5079}.Release|Any CPU.ActiveCfg = Release|Any CPU
		{C5CE62AF-FE4F-4712-838E-687B182D5079}.Release|Any CPU.Build.0 = Release|Any CPU
		{EA05B9FC-A1FD-43F1-8F6D-801333A1240F}.Debug|Any CPU.ActiveCfg = Debug|Any CPU
		{EA05B9FC-A1FD-43F1-8F6D-801333A1240F}.Debug|Any CPU.Build.0 = Debug|Any CPU
		{EA05B9FC-A1FD-43F1-8F6D-801333A1240F}.Release|Any CPU.ActiveCfg = Release|Any CPU
		{EA05B9FC-A1FD-43F1-8F6D-801333A1240F}.Release|Any CPU.Build.0 = Release|Any CPU
	EndGlobalSection
	GlobalSection(SolutionProperties) = preSolution
		HideSolutionNode = FALSE
	EndGlobalSection
	GlobalSection(NestedProjects) = preSolution
		{E8F4B073-4E81-4E2A-94FE-CE1C5E91DAB3} = {20D6EF8A-A8B7-47DA-981C-3BFAFE5CC08D}
		{DF19193B-AD22-4E5D-93EC-F3B429F4407D} = {20D6EF8A-A8B7-47DA-981C-3BFAFE5CC08D}
		{54616FE5-7F87-4D81-ADF6-A060F075C64E} = {8AC7A8E1-D520-4468-AC6E-20C3463FB8E7}
		{B98E9D0A-35EF-4A22-A7A6-E2E0B0832BF1} = {8AC7A8E1-D520-4468-AC6E-20C3463FB8E7}
		{5E76909F-81E3-4A8E-AB0A-F31A87AAEFAE} = {DE5137CD-A346-46DF-A0E4-1D25DF41A50E}
		{F81D4B27-238E-42A2-ACAD-DD5D3AE405C0} = {DE5137CD-A346-46DF-A0E4-1D25DF41A50E}
		{F9B819EA-ED96-416E-A5F1-20648B5C65C7} = {DE5137CD-A346-46DF-A0E4-1D25DF41A50E}
		{6A8932FA-4443-4233-92CE-DBB03D249423} = {DE5137CD-A346-46DF-A0E4-1D25DF41A50E}
		{C5CE62AF-FE4F-4712-838E-687B182D5079} = {DE5137CD-A346-46DF-A0E4-1D25DF41A50E}
		{EA05B9FC-A1FD-43F1-8F6D-801333A1240F} = {DE5137CD-A346-46DF-A0E4-1D25DF41A50E}
	EndGlobalSection
	GlobalSection(ExtensibilityGlobals) = postSolution
		SolutionGuid = {EBD50275-B823-42E2-BF0A-812644D9C442}
	EndGlobalSection
EndGlobal
